// !$*UTF8*$!
{
	archiveVersion = 1;
	classes = {
	};
	objectVersion = 77;
	objects = {

/* Begin PBXBuildFile section */
		023055A5149F7A42556C163A /* AuthError.swift in Sources */ = {isa = PBXBuildFile; fileRef = 9DF77159448D8EF4CE15312F /* AuthError.swift */; };
		08D28716754270B134C2B86D /* MarkdownUI in Frameworks */ = {isa = PBXBuildFile; productRef = 404C4FD053A1717BE2D3699F /* MarkdownUI */; };
		0AF4BAD54673E0878F0BC0F6 /* MockURLProtocol.swift in Sources */ = {isa = PBXBuildFile; fileRef = F9C288A1B6AF5D4219689A57 /* MockURLProtocol.swift */; };
		0BD77B5E441B2A5EF34A037A /* Kingfisher in Frameworks */ = {isa = PBXBuildFile; productRef = B6D64783055B4BA4E4F82429 /* Kingfisher */; };
		14BA13464C891531AAA561C3 /* SSEClientExtendedTests.swift in Sources */ = {isa = PBXBuildFile; fileRef = CD14C0F89EACA6A1E07C3589 /* SSEClientExtendedTests.swift */; };
		1ADECD694A430EE0C3CE77DD /* AuthViewModel.swift in Sources */ = {isa = PBXBuildFile; fileRef = 54B416AE1B440570D54B309A /* AuthViewModel.swift */; };
		1AF4D00B519F45F4553AFF13 /* Assets.xcassets in Resources */ = {isa = PBXBuildFile; fileRef = C69094DE7754280D10B63C5A /* Assets.xcassets */; };
		1E6307B163C4569AB23DE319 /* CharacterCardView.swift in Sources */ = {isa = PBXBuildFile; fileRef = A459DCBA87D0471A3D56F25E /* CharacterCardView.swift */; };
		22C6CD510E9D51FF0842E0E0 /* HomeViewModelExtendedTests.swift in Sources */ = {isa = PBXBuildFile; fileRef = 043381FB0511D95E4E489A23 /* HomeViewModelExtendedTests.swift */; };
		2405C3656CC2AE89B517DEF7 /* ChatService.swift in Sources */ = {isa = PBXBuildFile; fileRef = 95BCB6775109D8D2B09E9D5D /* ChatService.swift */; };
		251BB93CCB0CBA05F9DE9445 /* EmberApp.swift in Sources */ = {isa = PBXBuildFile; fileRef = C8025AF02E81E240C3ADD4A4 /* EmberApp.swift */; };
		25DA402A6B0B755FC0158AC1 /* CGFloat+Ember.swift in Sources */ = {isa = PBXBuildFile; fileRef = 385963C8E6567439F1EE8F9F /* CGFloat+Ember.swift */; };
		25E84BC6E7190948A2D3A22F /* AuthModels.swift in Sources */ = {isa = PBXBuildFile; fileRef = 5D4F9AC06B0C40442E99C7E0 /* AuthModels.swift */; };
		2D7B4CD0AE3FEFDE24D5E7FC /* AuthServiceTests.swift in Sources */ = {isa = PBXBuildFile; fileRef = E3163E3B6D2EEE4781CA15A5 /* AuthServiceTests.swift */; };
		300257909CDA83CF8660B4A4 /* CGFloatEmberTests.swift in Sources */ = {isa = PBXBuildFile; fileRef = CF3017B8F108F3ED8B98E22C /* CGFloatEmberTests.swift */; };
		3018634C7C9AE0C8654D4F3C /* OnboardingModels.swift in Sources */ = {isa = PBXBuildFile; fileRef = 1E03B69C920D79E1C864A0FB /* OnboardingModels.swift */; };
		3129E1ED07A68EF0E82B272B /* OnboardingFlowView.swift in Sources */ = {isa = PBXBuildFile; fileRef = 0CBAD21BD849A88E704C9516 /* OnboardingFlowView.swift */; };
		372E163A4CFA3697879E0690 /* AppRouterExtendedTests.swift in Sources */ = {isa = PBXBuildFile; fileRef = D39478E0BBDE4B5636BFAD31 /* AppRouterExtendedTests.swift */; };
		3AED59055DE55BF66E8F729C /* AuthServiceExtendedTests.swift in Sources */ = {isa = PBXBuildFile; fileRef = 8C001A233EDB6AECA4B2B6AC /* AuthServiceExtendedTests.swift */; };
		3C6EA4982BFE814253863691 /* onboarding-memory.json in Resources */ = {isa = PBXBuildFile; fileRef = AC977483F47AFB311AE56138 /* onboarding-memory.json */; };
		3C98AD605834C1198381A821 /* APIClientTests.swift in Sources */ = {isa = PBXBuildFile; fileRef = 21BD72A91A1B9E392734DFC8 /* APIClientTests.swift */; };
		3F6CB064F2B0AA442F8E769B /* Lottie in Frameworks */ = {isa = PBXBuildFile; productRef = 732AC44584E11B3F74B8BE6B /* Lottie */; };
		48340107741183DF7B748D49 /* ProfilePlaceholderView.swift in Sources */ = {isa = PBXBuildFile; fileRef = EE640A22C54BB327A48C95EE /* ProfilePlaceholderView.swift */; };
		48C96AEB074744ACF55D83F8 /* ColorEmberTests.swift in Sources */ = {isa = PBXBuildFile; fileRef = D1E902162574E0CED1B25D40 /* ColorEmberTests.swift */; };
		4D69EB39B7E0C3046229D3A0 /* APIErrorTests.swift in Sources */ = {isa = PBXBuildFile; fileRef = 21070CEF6687451F4EBB49EF /* APIErrorTests.swift */; };
		56F4055E4CF7E8587E19BDB2 /* MainTabView.swift in Sources */ = {isa = PBXBuildFile; fileRef = B6D2C2C6F32C3B249FF0B1BB /* MainTabView.swift */; };
		5787288428890039E4C33645 /* MessageModels.swift in Sources */ = {isa = PBXBuildFile; fileRef = 79A30B3D9C17325C7F85CD9E /* MessageModels.swift */; };
		5793BB23F5599E859AA62FD2 /* AppRouterTests.swift in Sources */ = {isa = PBXBuildFile; fileRef = 83A0559FCABEFEDFE2EBB001 /* AppRouterTests.swift */; };
		5C536B3A8A4D1A6D94ED6F49 /* EmberSymbolTests.swift in Sources */ = {isa = PBXBuildFile; fileRef = 0C36E5D731703C92F96B5E5F /* EmberSymbolTests.swift */; };
		5D0C470895BDC6F60DFC0F11 /* KeychainTokenStoreExtendedTests.swift in Sources */ = {isa = PBXBuildFile; fileRef = 1340B9513AD310D371FB1AEF /* KeychainTokenStoreExtendedTests.swift */; };
		62A5E76317BF64356733E026 /* APIClientExtendedTests.swift in Sources */ = {isa = PBXBuildFile; fileRef = DF94E6C9B0B93BC352AEA9F7 /* APIClientExtendedTests.swift */; };
		634AD189F517BDC3F877E3EE /* OnboardingViewModelExtendedTests.swift in Sources */ = {isa = PBXBuildFile; fileRef = 844B580921C1230526AB88FA /* OnboardingViewModelExtendedTests.swift */; };
		646AB90D9519FA1958F818E2 /* SSEClientTests.swift in Sources */ = {isa = PBXBuildFile; fileRef = EE9E42903510312D39F15064 /* SSEClientTests.swift */; };
		69431057521A61E246D0E6A7 /* JSONCoding.swift in Sources */ = {isa = PBXBuildFile; fileRef = 27E89CEA7AB9FAB9F0509296 /* JSONCoding.swift */; };
		6A32B61BAF80CE342D9C860A /* MockAPIClient.swift in Sources */ = {isa = PBXBuildFile; fileRef = 9C394BC15858663402BF9DAF /* MockAPIClient.swift */; };
		6E5C40BABA847F06D328E103 /* ChatViewModelTests.swift in Sources */ = {isa = PBXBuildFile; fileRef = C29DFA856BAE80DE50F6A19A /* ChatViewModelTests.swift */; };
		71C3BF55E00E0EED16AA8891 /* ChatView.swift in Sources */ = {isa = PBXBuildFile; fileRef = 042F9AE1FED0CE6055D1C6F9 /* ChatView.swift */; };
		71EE19139DA9F4BE84DC067D /* OnboardingViewModel.swift in Sources */ = {isa = PBXBuildFile; fileRef = EC8B4FB6C7AD912A8C0789A3 /* OnboardingViewModel.swift */; };
		77830E74E9F97322B9B1996C /* APIEndpointExtendedTests.swift in Sources */ = {isa = PBXBuildFile; fileRef = 99556B937307C448900939CD /* APIEndpointExtendedTests.swift */; };
		7816B27230E7871E8A688BF0 /* AppRouter.swift in Sources */ = {isa = PBXBuildFile; fileRef = F57E73744849DD063E8C2BE9 /* AppRouter.swift */; };
		78D942D72364946849FD96FF /* AppContainer.swift in Sources */ = {isa = PBXBuildFile; fileRef = 625EFB811F6DFCFF2551B343 /* AppContainer.swift */; };
		885270C7195D746767F5B5C2 /* MockAuthService.swift in Sources */ = {isa = PBXBuildFile; fileRef = 9F0E68DD7F905A848184196D /* MockAuthService.swift */; };
		8912175DABE2E1DD942F4E1C /* CharacterModels.swift in Sources */ = {isa = PBXBuildFile; fileRef = 738EFCA07CE8287CDB6E9F6E /* CharacterModels.swift */; };
		8C8A47C69B5886FBAC2FDEBE /* AppContainerTests.swift in Sources */ = {isa = PBXBuildFile; fileRef = F71752F4D66E39D2EDD5FD7E /* AppContainerTests.swift */; };
		8C8E5728B824860950993788 /* EmberSymbol.swift in Sources */ = {isa = PBXBuildFile; fileRef = 95890378AF42EFA9BB368C2A /* EmberSymbol.swift */; };
		8E86E697D023439B735E0F46 /* WelcomeView.swift in Sources */ = {isa = PBXBuildFile; fileRef = 1F7916B71ED00545E5F13F08 /* WelcomeView.swift */; };
		8EB015ACDECD70304FF52F29 /* KeychainTokenStore.swift in Sources */ = {isa = PBXBuildFile; fileRef = BC47245B98ACE8BA6DD89936 /* KeychainTokenStore.swift */; };
		91699CE297AED86F6515E85F /* OnboardingViewModelTests.swift in Sources */ = {isa = PBXBuildFile; fileRef = DDC0BED6A9D134E834291C8E /* OnboardingViewModelTests.swift */; };
		91D2191B9132F40BD0AFDDBC /* SignUpView.swift in Sources */ = {isa = PBXBuildFile; fileRef = 76EA021899A9162E54763C3B /* SignUpView.swift */; };
		9AAB3726C67409E8EA3BF342 /* ColorTests.swift in Sources */ = {isa = PBXBuildFile; fileRef = EB654AF5D4A257459F78DA04 /* ColorTests.swift */; };
		A04BA81FBA32142ADAB62A8C /* HapticManager.swift in Sources */ = {isa = PBXBuildFile; fileRef = 0AB2A1DCD60BEE6ECDF317BE /* HapticManager.swift */; };
		A610D351D732D5FAE334C4B3 /* MemoriesPlaceholderView.swift in Sources */ = {isa = PBXBuildFile; fileRef = 62A9E0968BBA18CC53E4D0BC /* MemoriesPlaceholderView.swift */; };
		A968C087F957EB463C4312D2 /* AuthViewModelExtendedTests.swift in Sources */ = {isa = PBXBuildFile; fileRef = FB219CD2A3724F6E6A6D1C84 /* AuthViewModelExtendedTests.swift */; };
		ACC0A3867AE871060A59E1FB /* APIEndpointTests.swift in Sources */ = {isa = PBXBuildFile; fileRef = C12E6C3943FFBAEA963EEED7 /* APIEndpointTests.swift */; };
		AFF55A3A6DF9D10944C89226 /* ChatViewModel.swift in Sources */ = {isa = PBXBuildFile; fileRef = 947D6EE45A9FE4DCBDA9C980 /* ChatViewModel.swift */; };
		B061BFDD454914E0022BB743 /* LaunchScreen.storyboard in Resources */ = {isa = PBXBuildFile; fileRef = 3AFC32F9C84C3421AC9F7EB1 /* LaunchScreen.storyboard */; };
		B13B0E6F4B6D9FE74E0F7143 /* AuthScreensViewModelTests.swift in Sources */ = {isa = PBXBuildFile; fileRef = 901F7E28B806D495C0A769A7 /* AuthScreensViewModelTests.swift */; };
		B5A1FF4A309324FFDB633E5E /* APIEndpoint.swift in Sources */ = {isa = PBXBuildFile; fileRef = 22A9D0981F6D1785703F117D /* APIEndpoint.swift */; };
		B793B815813B73140A936896 /* onboarding-companion.json in Resources */ = {isa = PBXBuildFile; fileRef = 8EC91D937630306C96592D49 /* onboarding-companion.json */; };
		B97DC9E2AF03B04F9827F050 /* ChatServiceTests.swift in Sources */ = {isa = PBXBuildFile; fileRef = 6AC6DEC65C0EA8ABF412CE9C /* ChatServiceTests.swift */; };
		BA9415A6B73BC782B9E0E669 /* MessageBubbleView.swift in Sources */ = {isa = PBXBuildFile; fileRef = 8A0500EE3E6A5A93F9FD82F8 /* MessageBubbleView.swift */; };
		BAD9E1B486C3F7D38AA36C9B /* APIError.swift in Sources */ = {isa = PBXBuildFile; fileRef = E32F98B42D3A3A3A78D7E935 /* APIError.swift */; };
		BDBD274C8CF2E7CBA17F30FE /* LottieAnimationViewWrapper.swift in Sources */ = {isa = PBXBuildFile; fileRef = 6A5D4540D4FACC2F720B2C5A /* LottieAnimationViewWrapper.swift */; };
		BFC056BCDD142A5B949CD2B4 /* SSEClient.swift in Sources */ = {isa = PBXBuildFile; fileRef = CC0D677AAB6AD2665703CF8E /* SSEClient.swift */; };
		C0FB1B404863AA1444CB3EBF /* AuthViewModelTests.swift in Sources */ = {isa = PBXBuildFile; fileRef = CF3EDF6EAF5E8B7423D06C5A /* AuthViewModelTests.swift */; };
		C695B98E7949A9FFF4BFE81D /* FontEmberTests.swift in Sources */ = {isa = PBXBuildFile; fileRef = 97CEE46E146B056782F4C823 /* FontEmberTests.swift */; };
		C78FC66D7751BC2345CBC746 /* ChatModels.swift in Sources */ = {isa = PBXBuildFile; fileRef = 1476737E0C64957D45052CDF /* ChatModels.swift */; };
		C97506301584B022EA60119B /* LoginView.swift in Sources */ = {isa = PBXBuildFile; fileRef = BE9E5BB5B476E435DF6FB892 /* LoginView.swift */; };
		CB5BBD894415580D2F29C317 /* HomeView.swift in Sources */ = {isa = PBXBuildFile; fileRef = DB3C1C8BCD715DDC72273E2B /* HomeView.swift */; };
		CBFE15A9650C49715D97607C /* ChatInputBar.swift in Sources */ = {isa = PBXBuildFile; fileRef = 29830DA605B638B41DB3D22A /* ChatInputBar.swift */; };
		D3668E39BF825B0F2323354E /* MockChatService.swift in Sources */ = {isa = PBXBuildFile; fileRef = EF082D413CB1A94C7E948693 /* MockChatService.swift */; };
		D382944B6FD74EDF4E2EBE1F /* HomeViewModel.swift in Sources */ = {isa = PBXBuildFile; fileRef = D595574DE4F138D0E8238689 /* HomeViewModel.swift */; };
		D7DD62955978C2A635158774 /* KeychainTokenStoreTests.swift in Sources */ = {isa = PBXBuildFile; fileRef = CD0400D873376F86D3659B1E /* KeychainTokenStoreTests.swift */; };
		D88CA9186956CE0C20994C59 /* DateSeparatorView.swift in Sources */ = {isa = PBXBuildFile; fileRef = C1275A81A38F898BB37459D4 /* DateSeparatorView.swift */; };
		DF4003B964FE24596BE39B64 /* onboarding-welcome.json in Resources */ = {isa = PBXBuildFile; fileRef = 9055117FF4D41BBF78F80480 /* onboarding-welcome.json */; };
		E159FB4FEB63ECA64B033DBA /* DailySummaryCard.swift in Sources */ = {isa = PBXBuildFile; fileRef = D5FEFEF3CFE2336771E36F34 /* DailySummaryCard.swift */; };
		E7E038AE9A82DA7D8E2BB110 /* HomeViewModelTests.swift in Sources */ = {isa = PBXBuildFile; fileRef = 9201A3D0D142F13E3A45D070 /* HomeViewModelTests.swift */; };
		E953F35F57B30DF11BA6B43A /* QuestionsView.swift in Sources */ = {isa = PBXBuildFile; fileRef = 463113285D1665317349466D /* QuestionsView.swift */; };
		EA50789D7ED226E7216F90A4 /* OnboardingModelsTests.swift in Sources */ = {isa = PBXBuildFile; fileRef = EB87C828A7AB86CE5AEF3A38 /* OnboardingModelsTests.swift */; };
		EC2EBAB671B388F51AAC3981 /* TypingIndicatorView.swift in Sources */ = {isa = PBXBuildFile; fileRef = 1A051E0347F1CE7A611797DF /* TypingIndicatorView.swift */; };
		EE7BD8903CF70EC71C818068 /* APIClient.swift in Sources */ = {isa = PBXBuildFile; fileRef = CA4D48A5A6678FD715921301 /* APIClient.swift */; };
		F112C7B2626C146464E067BE /* Color+Ember.swift in Sources */ = {isa = PBXBuildFile; fileRef = 44ABB009A337E5DD6CBAA26F /* Color+Ember.swift */; };
		FBF66F63B9D9533A2C59F77F /* Font+Ember.swift in Sources */ = {isa = PBXBuildFile; fileRef = E8EF8204A6C4B57AEAB85107 /* Font+Ember.swift */; };
		FCFD5303F2CFE770676F8D40 /* AuthService.swift in Sources */ = {isa = PBXBuildFile; fileRef = 37D0FDD2B965C85B520E82EF /* AuthService.swift */; };
/* End PBXBuildFile section */

/* Begin PBXContainerItemProxy section */
		BB47832948DAE412B8685C9D /* PBXContainerItemProxy */ = {
			isa = PBXContainerItemProxy;
			containerPortal = 60EE479878F0F38411A15B19 /* Project object */;
			proxyType = 1;
			remoteGlobalIDString = 3E853DD93E303CC86CD1FA7F;
			remoteInfo = Ember;
		};
/* End PBXContainerItemProxy section */

/* Begin PBXFileReference section */
		042F9AE1FED0CE6055D1C6F9 /* ChatView.swift */ = {isa = PBXFileReference; lastKnownFileType = sourcecode.swift; path = ChatView.swift; sourceTree = "<group>"; };
		043381FB0511D95E4E489A23 /* HomeViewModelExtendedTests.swift */ = {isa = PBXFileReference; lastKnownFileType = sourcecode.swift; path = HomeViewModelExtendedTests.swift; sourceTree = "<group>"; };
		0AB2A1DCD60BEE6ECDF317BE /* HapticManager.swift */ = {isa = PBXFileReference; lastKnownFileType = sourcecode.swift; path = HapticManager.swift; sourceTree = "<group>"; };
		0C36E5D731703C92F96B5E5F /* EmberSymbolTests.swift */ = {isa = PBXFileReference; lastKnownFileType = sourcecode.swift; path = EmberSymbolTests.swift; sourceTree = "<group>"; };
		0CBAD21BD849A88E704C9516 /* OnboardingFlowView.swift */ = {isa = PBXFileReference; lastKnownFileType = sourcecode.swift; path = OnboardingFlowView.swift; sourceTree = "<group>"; };
		1340B9513AD310D371FB1AEF /* KeychainTokenStoreExtendedTests.swift */ = {isa = PBXFileReference; lastKnownFileType = sourcecode.swift; path = KeychainTokenStoreExtendedTests.swift; sourceTree = "<group>"; };
		1476737E0C64957D45052CDF /* ChatModels.swift */ = {isa = PBXFileReference; lastKnownFileType = sourcecode.swift; path = ChatModels.swift; sourceTree = "<group>"; };
		1A051E0347F1CE7A611797DF /* TypingIndicatorView.swift */ = {isa = PBXFileReference; lastKnownFileType = sourcecode.swift; path = TypingIndicatorView.swift; sourceTree = "<group>"; };
		1E03B69C920D79E1C864A0FB /* OnboardingModels.swift */ = {isa = PBXFileReference; lastKnownFileType = sourcecode.swift; path = OnboardingModels.swift; sourceTree = "<group>"; };
		1F7916B71ED00545E5F13F08 /* WelcomeView.swift */ = {isa = PBXFileReference; lastKnownFileType = sourcecode.swift; path = WelcomeView.swift; sourceTree = "<group>"; };
		21070CEF6687451F4EBB49EF /* APIErrorTests.swift */ = {isa = PBXFileReference; lastKnownFileType = sourcecode.swift; path = APIErrorTests.swift; sourceTree = "<group>"; };
		21BD72A91A1B9E392734DFC8 /* APIClientTests.swift */ = {isa = PBXFileReference; lastKnownFileType = sourcecode.swift; path = APIClientTests.swift; sourceTree = "<group>"; };
		22A9D0981F6D1785703F117D /* APIEndpoint.swift */ = {isa = PBXFileReference; lastKnownFileType = sourcecode.swift; path = APIEndpoint.swift; sourceTree = "<group>"; };
		27E89CEA7AB9FAB9F0509296 /* JSONCoding.swift */ = {isa = PBXFileReference; lastKnownFileType = sourcecode.swift; path = JSONCoding.swift; sourceTree = "<group>"; };
		29830DA605B638B41DB3D22A /* ChatInputBar.swift */ = {isa = PBXFileReference; lastKnownFileType = sourcecode.swift; path = ChatInputBar.swift; sourceTree = "<group>"; };
		37D0FDD2B965C85B520E82EF /* AuthService.swift */ = {isa = PBXFileReference; lastKnownFileType = sourcecode.swift; path = AuthService.swift; sourceTree = "<group>"; };
		385963C8E6567439F1EE8F9F /* CGFloat+Ember.swift */ = {isa = PBXFileReference; lastKnownFileType = sourcecode.swift; path = "CGFloat+Ember.swift"; sourceTree = "<group>"; };
		3AFC32F9C84C3421AC9F7EB1 /* LaunchScreen.storyboard */ = {isa = PBXFileReference; lastKnownFileType = file.storyboard; path = LaunchScreen.storyboard; sourceTree = "<group>"; };
		3FD152F594A5DA75DF7C1E1D /* EmberTests.xctest */ = {isa = PBXFileReference; includeInIndex = 0; lastKnownFileType = wrapper.cfbundle; path = EmberTests.xctest; sourceTree = BUILT_PRODUCTS_DIR; };
		44ABB009A337E5DD6CBAA26F /* Color+Ember.swift */ = {isa = PBXFileReference; lastKnownFileType = sourcecode.swift; path = "Color+Ember.swift"; sourceTree = "<group>"; };
		463113285D1665317349466D /* QuestionsView.swift */ = {isa = PBXFileReference; lastKnownFileType = sourcecode.swift; path = QuestionsView.swift; sourceTree = "<group>"; };
		54B416AE1B440570D54B309A /* AuthViewModel.swift */ = {isa = PBXFileReference; lastKnownFileType = sourcecode.swift; path = AuthViewModel.swift; sourceTree = "<group>"; };
		5D4F9AC06B0C40442E99C7E0 /* AuthModels.swift */ = {isa = PBXFileReference; lastKnownFileType = sourcecode.swift; path = AuthModels.swift; sourceTree = "<group>"; };
		625EFB811F6DFCFF2551B343 /* AppContainer.swift */ = {isa = PBXFileReference; lastKnownFileType = sourcecode.swift; path = AppContainer.swift; sourceTree = "<group>"; };
		62A9E0968BBA18CC53E4D0BC /* MemoriesPlaceholderView.swift */ = {isa = PBXFileReference; lastKnownFileType = sourcecode.swift; path = MemoriesPlaceholderView.swift; sourceTree = "<group>"; };
		6A5D4540D4FACC2F720B2C5A /* LottieAnimationViewWrapper.swift */ = {isa = PBXFileReference; lastKnownFileType = sourcecode.swift; path = LottieAnimationViewWrapper.swift; sourceTree = "<group>"; };
		6AC6DEC65C0EA8ABF412CE9C /* ChatServiceTests.swift */ = {isa = PBXFileReference; lastKnownFileType = sourcecode.swift; path = ChatServiceTests.swift; sourceTree = "<group>"; };
		738EFCA07CE8287CDB6E9F6E /* CharacterModels.swift */ = {isa = PBXFileReference; lastKnownFileType = sourcecode.swift; path = CharacterModels.swift; sourceTree = "<group>"; };
		76EA021899A9162E54763C3B /* SignUpView.swift */ = {isa = PBXFileReference; lastKnownFileType = sourcecode.swift; path = SignUpView.swift; sourceTree = "<group>"; };
		79A30B3D9C17325C7F85CD9E /* MessageModels.swift */ = {isa = PBXFileReference; lastKnownFileType = sourcecode.swift; path = MessageModels.swift; sourceTree = "<group>"; };
		83A0559FCABEFEDFE2EBB001 /* AppRouterTests.swift */ = {isa = PBXFileReference; lastKnownFileType = sourcecode.swift; path = AppRouterTests.swift; sourceTree = "<group>"; };
		844B580921C1230526AB88FA /* OnboardingViewModelExtendedTests.swift */ = {isa = PBXFileReference; lastKnownFileType = sourcecode.swift; path = OnboardingViewModelExtendedTests.swift; sourceTree = "<group>"; };
		8A0500EE3E6A5A93F9FD82F8 /* MessageBubbleView.swift */ = {isa = PBXFileReference; lastKnownFileType = sourcecode.swift; path = MessageBubbleView.swift; sourceTree = "<group>"; };
		8C001A233EDB6AECA4B2B6AC /* AuthServiceExtendedTests.swift */ = {isa = PBXFileReference; lastKnownFileType = sourcecode.swift; path = AuthServiceExtendedTests.swift; sourceTree = "<group>"; };
		8EC91D937630306C96592D49 /* onboarding-companion.json */ = {isa = PBXFileReference; lastKnownFileType = text.json; path = "onboarding-companion.json"; sourceTree = "<group>"; };
		901F7E28B806D495C0A769A7 /* AuthScreensViewModelTests.swift */ = {isa = PBXFileReference; lastKnownFileType = sourcecode.swift; path = AuthScreensViewModelTests.swift; sourceTree = "<group>"; };
		9055117FF4D41BBF78F80480 /* onboarding-welcome.json */ = {isa = PBXFileReference; lastKnownFileType = text.json; path = "onboarding-welcome.json"; sourceTree = "<group>"; };
		9201A3D0D142F13E3A45D070 /* HomeViewModelTests.swift */ = {isa = PBXFileReference; lastKnownFileType = sourcecode.swift; path = HomeViewModelTests.swift; sourceTree = "<group>"; };
		947D6EE45A9FE4DCBDA9C980 /* ChatViewModel.swift */ = {isa = PBXFileReference; lastKnownFileType = sourcecode.swift; path = ChatViewModel.swift; sourceTree = "<group>"; };
		95890378AF42EFA9BB368C2A /* EmberSymbol.swift */ = {isa = PBXFileReference; lastKnownFileType = sourcecode.swift; path = EmberSymbol.swift; sourceTree = "<group>"; };
		95BCB6775109D8D2B09E9D5D /* ChatService.swift */ = {isa = PBXFileReference; lastKnownFileType = sourcecode.swift; path = ChatService.swift; sourceTree = "<group>"; };
		97CEE46E146B056782F4C823 /* FontEmberTests.swift */ = {isa = PBXFileReference; lastKnownFileType = sourcecode.swift; path = FontEmberTests.swift; sourceTree = "<group>"; };
		99556B937307C448900939CD /* APIEndpointExtendedTests.swift */ = {isa = PBXFileReference; lastKnownFileType = sourcecode.swift; path = APIEndpointExtendedTests.swift; sourceTree = "<group>"; };
		9C394BC15858663402BF9DAF /* MockAPIClient.swift */ = {isa = PBXFileReference; lastKnownFileType = sourcecode.swift; path = MockAPIClient.swift; sourceTree = "<group>"; };
		9DF77159448D8EF4CE15312F /* AuthError.swift */ = {isa = PBXFileReference; lastKnownFileType = sourcecode.swift; path = AuthError.swift; sourceTree = "<group>"; };
		9F0E68DD7F905A848184196D /* MockAuthService.swift */ = {isa = PBXFileReference; lastKnownFileType = sourcecode.swift; path = MockAuthService.swift; sourceTree = "<group>"; };
		A459DCBA87D0471A3D56F25E /* CharacterCardView.swift */ = {isa = PBXFileReference; lastKnownFileType = sourcecode.swift; path = CharacterCardView.swift; sourceTree = "<group>"; };
		AC977483F47AFB311AE56138 /* onboarding-memory.json */ = {isa = PBXFileReference; lastKnownFileType = text.json; path = "onboarding-memory.json"; sourceTree = "<group>"; };
		B6D2C2C6F32C3B249FF0B1BB /* MainTabView.swift */ = {isa = PBXFileReference; lastKnownFileType = sourcecode.swift; path = MainTabView.swift; sourceTree = "<group>"; };
		BC47245B98ACE8BA6DD89936 /* KeychainTokenStore.swift */ = {isa = PBXFileReference; lastKnownFileType = sourcecode.swift; path = KeychainTokenStore.swift; sourceTree = "<group>"; };
		BE9E5BB5B476E435DF6FB892 /* LoginView.swift */ = {isa = PBXFileReference; lastKnownFileType = sourcecode.swift; path = LoginView.swift; sourceTree = "<group>"; };
		C1275A81A38F898BB37459D4 /* DateSeparatorView.swift */ = {isa = PBXFileReference; lastKnownFileType = sourcecode.swift; path = DateSeparatorView.swift; sourceTree = "<group>"; };
		C12E6C3943FFBAEA963EEED7 /* APIEndpointTests.swift */ = {isa = PBXFileReference; lastKnownFileType = sourcecode.swift; path = APIEndpointTests.swift; sourceTree = "<group>"; };
		C29DFA856BAE80DE50F6A19A /* ChatViewModelTests.swift */ = {isa = PBXFileReference; lastKnownFileType = sourcecode.swift; path = ChatViewModelTests.swift; sourceTree = "<group>"; };
		C69094DE7754280D10B63C5A /* Assets.xcassets */ = {isa = PBXFileReference; lastKnownFileType = folder.assetcatalog; path = Assets.xcassets; sourceTree = "<group>"; };
		C8025AF02E81E240C3ADD4A4 /* EmberApp.swift */ = {isa = PBXFileReference; lastKnownFileType = sourcecode.swift; path = EmberApp.swift; sourceTree = "<group>"; };
		CA4D48A5A6678FD715921301 /* APIClient.swift */ = {isa = PBXFileReference; lastKnownFileType = sourcecode.swift; path = APIClient.swift; sourceTree = "<group>"; };
		CC0D677AAB6AD2665703CF8E /* SSEClient.swift */ = {isa = PBXFileReference; lastKnownFileType = sourcecode.swift; path = SSEClient.swift; sourceTree = "<group>"; };
		CD0400D873376F86D3659B1E /* KeychainTokenStoreTests.swift */ = {isa = PBXFileReference; lastKnownFileType = sourcecode.swift; path = KeychainTokenStoreTests.swift; sourceTree = "<group>"; };
		CD14C0F89EACA6A1E07C3589 /* SSEClientExtendedTests.swift */ = {isa = PBXFileReference; lastKnownFileType = sourcecode.swift; path = SSEClientExtendedTests.swift; sourceTree = "<group>"; };
		CF3017B8F108F3ED8B98E22C /* CGFloatEmberTests.swift */ = {isa = PBXFileReference; lastKnownFileType = sourcecode.swift; path = CGFloatEmberTests.swift; sourceTree = "<group>"; };
		CF3EDF6EAF5E8B7423D06C5A /* AuthViewModelTests.swift */ = {isa = PBXFileReference; lastKnownFileType = sourcecode.swift; path = AuthViewModelTests.swift; sourceTree = "<group>"; };
		D1E129474145FB033E3BBB86 /* Ember.app */ = {isa = PBXFileReference; includeInIndex = 0; lastKnownFileType = wrapper.application; path = Ember.app; sourceTree = BUILT_PRODUCTS_DIR; };
		D1E902162574E0CED1B25D40 /* ColorEmberTests.swift */ = {isa = PBXFileReference; lastKnownFileType = sourcecode.swift; path = ColorEmberTests.swift; sourceTree = "<group>"; };
		D39478E0BBDE4B5636BFAD31 /* AppRouterExtendedTests.swift */ = {isa = PBXFileReference; lastKnownFileType = sourcecode.swift; path = AppRouterExtendedTests.swift; sourceTree = "<group>"; };
		D595574DE4F138D0E8238689 /* HomeViewModel.swift */ = {isa = PBXFileReference; lastKnownFileType = sourcecode.swift; path = HomeViewModel.swift; sourceTree = "<group>"; };
		D5FEFEF3CFE2336771E36F34 /* DailySummaryCard.swift */ = {isa = PBXFileReference; lastKnownFileType = sourcecode.swift; path = DailySummaryCard.swift; sourceTree = "<group>"; };
		DB3C1C8BCD715DDC72273E2B /* HomeView.swift */ = {isa = PBXFileReference; lastKnownFileType = sourcecode.swift; path = HomeView.swift; sourceTree = "<group>"; };
		DDC0BED6A9D134E834291C8E /* OnboardingViewModelTests.swift */ = {isa = PBXFileReference; lastKnownFileType = sourcecode.swift; path = OnboardingViewModelTests.swift; sourceTree = "<group>"; };
		DF94E6C9B0B93BC352AEA9F7 /* APIClientExtendedTests.swift */ = {isa = PBXFileReference; lastKnownFileType = sourcecode.swift; path = APIClientExtendedTests.swift; sourceTree = "<group>"; };
		E3163E3B6D2EEE4781CA15A5 /* AuthServiceTests.swift */ = {isa = PBXFileReference; lastKnownFileType = sourcecode.swift; path = AuthServiceTests.swift; sourceTree = "<group>"; };
		E32F98B42D3A3A3A78D7E935 /* APIError.swift */ = {isa = PBXFileReference; lastKnownFileType = sourcecode.swift; path = APIError.swift; sourceTree = "<group>"; };
		E8EF8204A6C4B57AEAB85107 /* Font+Ember.swift */ = {isa = PBXFileReference; lastKnownFileType = sourcecode.swift; path = "Font+Ember.swift"; sourceTree = "<group>"; };
		EB654AF5D4A257459F78DA04 /* ColorTests.swift */ = {isa = PBXFileReference; lastKnownFileType = sourcecode.swift; path = ColorTests.swift; sourceTree = "<group>"; };
		EB87C828A7AB86CE5AEF3A38 /* OnboardingModelsTests.swift */ = {isa = PBXFileReference; lastKnownFileType = sourcecode.swift; path = OnboardingModelsTests.swift; sourceTree = "<group>"; };
		EC8B4FB6C7AD912A8C0789A3 /* OnboardingViewModel.swift */ = {isa = PBXFileReference; lastKnownFileType = sourcecode.swift; path = OnboardingViewModel.swift; sourceTree = "<group>"; };
		EE640A22C54BB327A48C95EE /* ProfilePlaceholderView.swift */ = {isa = PBXFileReference; lastKnownFileType = sourcecode.swift; path = ProfilePlaceholderView.swift; sourceTree = "<group>"; };
		EE9E42903510312D39F15064 /* SSEClientTests.swift */ = {isa = PBXFileReference; lastKnownFileType = sourcecode.swift; path = SSEClientTests.swift; sourceTree = "<group>"; };
		EF082D413CB1A94C7E948693 /* MockChatService.swift */ = {isa = PBXFileReference; lastKnownFileType = sourcecode.swift; path = MockChatService.swift; sourceTree = "<group>"; };
		F57E73744849DD063E8C2BE9 /* AppRouter.swift */ = {isa = PBXFileReference; lastKnownFileType = sourcecode.swift; path = AppRouter.swift; sourceTree = "<group>"; };
		F71752F4D66E39D2EDD5FD7E /* AppContainerTests.swift */ = {isa = PBXFileReference; lastKnownFileType = sourcecode.swift; path = AppContainerTests.swift; sourceTree = "<group>"; };
		F9C288A1B6AF5D4219689A57 /* MockURLProtocol.swift */ = {isa = PBXFileReference; lastKnownFileType = sourcecode.swift; path = MockURLProtocol.swift; sourceTree = "<group>"; };
		FB219CD2A3724F6E6A6D1C84 /* AuthViewModelExtendedTests.swift */ = {isa = PBXFileReference; lastKnownFileType = sourcecode.swift; path = AuthViewModelExtendedTests.swift; sourceTree = "<group>"; };
/* End PBXFileReference section */

/* Begin PBXFrameworksBuildPhase section */
		BB326CA5A71916D2515EA573 /* Frameworks */ = {
			isa = PBXFrameworksBuildPhase;
			buildActionMask = 2147483647;
			files = (
				0BD77B5E441B2A5EF34A037A /* Kingfisher in Frameworks */,
				3F6CB064F2B0AA442F8E769B /* Lottie in Frameworks */,
				08D28716754270B134C2B86D /* MarkdownUI in Frameworks */,
			);
			runOnlyForDeploymentPostprocessing = 0;
		};
/* End PBXFrameworksBuildPhase section */

/* Begin PBXGroup section */
		07AB3CDF11751EBFCF2F2851 /* Extensions */ = {
			isa = PBXGroup;
			children = (
				CF3017B8F108F3ED8B98E22C /* CGFloatEmberTests.swift */,
				D1E902162574E0CED1B25D40 /* ColorEmberTests.swift */,
				0C36E5D731703C92F96B5E5F /* EmberSymbolTests.swift */,
				97CEE46E146B056782F4C823 /* FontEmberTests.swift */,
			);
			path = Extensions;
			sourceTree = "<group>";
		};
		233CA52765D6C49205F221FF /* Products */ = {
			isa = PBXGroup;
			children = (
				D1E129474145FB033E3BBB86 /* Ember.app */,
				3FD152F594A5DA75DF7C1E1D /* EmberTests.xctest */,
			);
			name = Products;
			sourceTree = "<group>";
		};
		298483219186004B37142B79 /* App */ = {
			isa = PBXGroup;
			children = (
				625EFB811F6DFCFF2551B343 /* AppContainer.swift */,
				F57E73744849DD063E8C2BE9 /* AppRouter.swift */,
				C8025AF02E81E240C3ADD4A4 /* EmberApp.swift */,
				B6D2C2C6F32C3B249FF0B1BB /* MainTabView.swift */,
			);
			path = App;
			sourceTree = "<group>";
		};
		3999E6B19D269E59FFEB712F /* EmberTests */ = {
			isa = PBXGroup;
			children = (
				C666A138C3A92310D566578A /* App */,
				7FE6CB0511052FCD76A8DA61 /* Core */,
				5CA5541570A18674DB4101FF /* Features */,
				90EB685B37D476AE3A69CE92 /* Mocks */,
			);
			path = EmberTests;
			sourceTree = "<group>";
		};
		449A9DA6A1EEE797DF0335ED /* Network */ = {
			isa = PBXGroup;
			children = (
				DF94E6C9B0B93BC352AEA9F7 /* APIClientExtendedTests.swift */,
				21BD72A91A1B9E392734DFC8 /* APIClientTests.swift */,
				99556B937307C448900939CD /* APIEndpointExtendedTests.swift */,
				C12E6C3943FFBAEA963EEED7 /* APIEndpointTests.swift */,
				CD14C0F89EACA6A1E07C3589 /* SSEClientExtendedTests.swift */,
				EE9E42903510312D39F15064 /* SSEClientTests.swift */,
			);
			path = Network;
			sourceTree = "<group>";
		};
		4A42D6E7275AFC377EC4D007 /* Home */ = {
			isa = PBXGroup;
			children = (
				A459DCBA87D0471A3D56F25E /* CharacterCardView.swift */,
				D5FEFEF3CFE2336771E36F34 /* DailySummaryCard.swift */,
				DB3C1C8BCD715DDC72273E2B /* HomeView.swift */,
				D595574DE4F138D0E8238689 /* HomeViewModel.swift */,
			);
			path = Home;
			sourceTree = "<group>";
		};
		56E6B0F7A59E63C82AB86141 /* Ember */ = {
			isa = PBXGroup;
			children = (
				298483219186004B37142B79 /* App */,
				BB3BC688D8B11659CBC8EB13 /* Core */,
				9676E6B923643864824D45B5 /* Features */,
				6BB11124961C72720F88A6F2 /* Resources */,
			);
			path = Ember;
			sourceTree = "<group>";
		};
		5CA5541570A18674DB4101FF /* Features */ = {
			isa = PBXGroup;
			children = (
				F7C943E9BD81D247624A0CB6 /* Auth */,
				8519C6CE16C717698962C6BA /* Chat */,
				D84181B6718F06335261CCAC /* Home */,
				B02BF5137F841D865FE344DB /* Onboarding */,
			);
			path = Features;
			sourceTree = "<group>";
		};
		6BB11124961C72720F88A6F2 /* Resources */ = {
			isa = PBXGroup;
			children = (
				F768E230585FEBDD76273776 /* Animations */,
				C69094DE7754280D10B63C5A /* Assets.xcassets */,
				3AFC32F9C84C3421AC9F7EB1 /* LaunchScreen.storyboard */,
			);
			path = Resources;
			sourceTree = "<group>";
		};
		7CC4FCBA0FA6454798620424 /* Utils */ = {
			isa = PBXGroup;
			children = (
				0AB2A1DCD60BEE6ECDF317BE /* HapticManager.swift */,
			);
			path = Utils;
			sourceTree = "<group>";
		};
		7FE6CB0511052FCD76A8DA61 /* Core */ = {
			isa = PBXGroup;
			children = (
				A65AAA63E57C211EBDD3BCE6 /* Auth */,
				07AB3CDF11751EBFCF2F2851 /* Extensions */,
				449A9DA6A1EEE797DF0335ED /* Network */,
				21070CEF6687451F4EBB49EF /* APIErrorTests.swift */,
				EB654AF5D4A257459F78DA04 /* ColorTests.swift */,
			);
			path = Core;
			sourceTree = "<group>";
		};
		8519C6CE16C717698962C6BA /* Chat */ = {
			isa = PBXGroup;
			children = (
				6AC6DEC65C0EA8ABF412CE9C /* ChatServiceTests.swift */,
				C29DFA856BAE80DE50F6A19A /* ChatViewModelTests.swift */,
			);
			path = Chat;
			sourceTree = "<group>";
		};
		87AC380E4A1C82F093F223D3 /* Models */ = {
			isa = PBXGroup;
			children = (
				5D4F9AC06B0C40442E99C7E0 /* AuthModels.swift */,
				738EFCA07CE8287CDB6E9F6E /* CharacterModels.swift */,
				1476737E0C64957D45052CDF /* ChatModels.swift */,
				79A30B3D9C17325C7F85CD9E /* MessageModels.swift */,
				1E03B69C920D79E1C864A0FB /* OnboardingModels.swift */,
			);
			path = Models;
			sourceTree = "<group>";
		};
		87BDA6FEC383BE3112CB4F9A /* Auth */ = {
			isa = PBXGroup;
			children = (
				54B416AE1B440570D54B309A /* AuthViewModel.swift */,
				BE9E5BB5B476E435DF6FB892 /* LoginView.swift */,
				76EA021899A9162E54763C3B /* SignUpView.swift */,
			);
			path = Auth;
			sourceTree = "<group>";
		};
		893B16717CD7BE48C310946F /* Chat */ = {
			isa = PBXGroup;
			children = (
				29830DA605B638B41DB3D22A /* ChatInputBar.swift */,
				95BCB6775109D8D2B09E9D5D /* ChatService.swift */,
				042F9AE1FED0CE6055D1C6F9 /* ChatView.swift */,
				947D6EE45A9FE4DCBDA9C980 /* ChatViewModel.swift */,
				C1275A81A38F898BB37459D4 /* DateSeparatorView.swift */,
				8A0500EE3E6A5A93F9FD82F8 /* MessageBubbleView.swift */,
				1A051E0347F1CE7A611797DF /* TypingIndicatorView.swift */,
			);
			path = Chat;
			sourceTree = "<group>";
		};
		90EB685B37D476AE3A69CE92 /* Mocks */ = {
			isa = PBXGroup;
			children = (
				9C394BC15858663402BF9DAF /* MockAPIClient.swift */,
				9F0E68DD7F905A848184196D /* MockAuthService.swift */,
				EF082D413CB1A94C7E948693 /* MockChatService.swift */,
				F9C288A1B6AF5D4219689A57 /* MockURLProtocol.swift */,
			);
			path = Mocks;
			sourceTree = "<group>";
		};
		9676E6B923643864824D45B5 /* Features */ = {
			isa = PBXGroup;
			children = (
				87BDA6FEC383BE3112CB4F9A /* Auth */,
				893B16717CD7BE48C310946F /* Chat */,
				4A42D6E7275AFC377EC4D007 /* Home */,
				E87B69B3F570EEF87C40BF64 /* Memories */,
				EAA1E6A75028FD3B492CC903 /* Onboarding */,
				B590FE259FD48C81F0FE18AA /* Profile */,
			);
			path = Features;
			sourceTree = "<group>";
		};
		A65AAA63E57C211EBDD3BCE6 /* Auth */ = {
			isa = PBXGroup;
			children = (
				8C001A233EDB6AECA4B2B6AC /* AuthServiceExtendedTests.swift */,
				E3163E3B6D2EEE4781CA15A5 /* AuthServiceTests.swift */,
				1340B9513AD310D371FB1AEF /* KeychainTokenStoreExtendedTests.swift */,
				CD0400D873376F86D3659B1E /* KeychainTokenStoreTests.swift */,
			);
			path = Auth;
			sourceTree = "<group>";
		};
		B02BF5137F841D865FE344DB /* Onboarding */ = {
			isa = PBXGroup;
			children = (
				EB87C828A7AB86CE5AEF3A38 /* OnboardingModelsTests.swift */,
				844B580921C1230526AB88FA /* OnboardingViewModelExtendedTests.swift */,
				DDC0BED6A9D134E834291C8E /* OnboardingViewModelTests.swift */,
			);
			path = Onboarding;
			sourceTree = "<group>";
		};
		B162341AB9375BDCC250CAB9 /* Auth */ = {
			isa = PBXGroup;
			children = (
				9DF77159448D8EF4CE15312F /* AuthError.swift */,
				37D0FDD2B965C85B520E82EF /* AuthService.swift */,
				BC47245B98ACE8BA6DD89936 /* KeychainTokenStore.swift */,
			);
			path = Auth;
			sourceTree = "<group>";
		};
		B590FE259FD48C81F0FE18AA /* Profile */ = {
			isa = PBXGroup;
			children = (
				EE640A22C54BB327A48C95EE /* ProfilePlaceholderView.swift */,
			);
			path = Profile;
			sourceTree = "<group>";
		};
		BB3BC688D8B11659CBC8EB13 /* Core */ = {
			isa = PBXGroup;
			children = (
				B162341AB9375BDCC250CAB9 /* Auth */,
				FDBD0964A0EB335E0E50AAA1 /* Extensions */,
				87AC380E4A1C82F093F223D3 /* Models */,
				DE2960E39C971B2ED08D5AAB /* Network */,
				7CC4FCBA0FA6454798620424 /* Utils */,
			);
			path = Core;
			sourceTree = "<group>";
		};
		BBC0B4313EBF53B16DC19257 = {
			isa = PBXGroup;
			children = (
				56E6B0F7A59E63C82AB86141 /* Ember */,
				3999E6B19D269E59FFEB712F /* EmberTests */,
				233CA52765D6C49205F221FF /* Products */,
			);
			sourceTree = "<group>";
		};
		C666A138C3A92310D566578A /* App */ = {
			isa = PBXGroup;
			children = (
				F71752F4D66E39D2EDD5FD7E /* AppContainerTests.swift */,
				D39478E0BBDE4B5636BFAD31 /* AppRouterExtendedTests.swift */,
				83A0559FCABEFEDFE2EBB001 /* AppRouterTests.swift */,
			);
			path = App;
			sourceTree = "<group>";
		};
		D84181B6718F06335261CCAC /* Home */ = {
			isa = PBXGroup;
			children = (
				043381FB0511D95E4E489A23 /* HomeViewModelExtendedTests.swift */,
				9201A3D0D142F13E3A45D070 /* HomeViewModelTests.swift */,
			);
			path = Home;
			sourceTree = "<group>";
		};
		DE2960E39C971B2ED08D5AAB /* Network */ = {
			isa = PBXGroup;
			children = (
				CA4D48A5A6678FD715921301 /* APIClient.swift */,
				22A9D0981F6D1785703F117D /* APIEndpoint.swift */,
				E32F98B42D3A3A3A78D7E935 /* APIError.swift */,
				27E89CEA7AB9FAB9F0509296 /* JSONCoding.swift */,
				CC0D677AAB6AD2665703CF8E /* SSEClient.swift */,
			);
			path = Network;
			sourceTree = "<group>";
		};
		E87B69B3F570EEF87C40BF64 /* Memories */ = {
			isa = PBXGroup;
			children = (
				62A9E0968BBA18CC53E4D0BC /* MemoriesPlaceholderView.swift */,
			);
			path = Memories;
			sourceTree = "<group>";
		};
		EAA1E6A75028FD3B492CC903 /* Onboarding */ = {
			isa = PBXGroup;
			children = (
				6A5D4540D4FACC2F720B2C5A /* LottieAnimationViewWrapper.swift */,
				0CBAD21BD849A88E704C9516 /* OnboardingFlowView.swift */,
				EC8B4FB6C7AD912A8C0789A3 /* OnboardingViewModel.swift */,
				463113285D1665317349466D /* QuestionsView.swift */,
				1F7916B71ED00545E5F13F08 /* WelcomeView.swift */,
			);
			path = Onboarding;
			sourceTree = "<group>";
		};
		F768E230585FEBDD76273776 /* Animations */ = {
			isa = PBXGroup;
			children = (
				8EC91D937630306C96592D49 /* onboarding-companion.json */,
				AC977483F47AFB311AE56138 /* onboarding-memory.json */,
				9055117FF4D41BBF78F80480 /* onboarding-welcome.json */,
			);
			path = Animations;
			sourceTree = "<group>";
		};
		F7C943E9BD81D247624A0CB6 /* Auth */ = {
			isa = PBXGroup;
			children = (
				901F7E28B806D495C0A769A7 /* AuthScreensViewModelTests.swift */,
				FB219CD2A3724F6E6A6D1C84 /* AuthViewModelExtendedTests.swift */,
				CF3EDF6EAF5E8B7423D06C5A /* AuthViewModelTests.swift */,
			);
			path = Auth;
			sourceTree = "<group>";
		};
		FDBD0964A0EB335E0E50AAA1 /* Extensions */ = {
			isa = PBXGroup;
			children = (
				385963C8E6567439F1EE8F9F /* CGFloat+Ember.swift */,
				44ABB009A337E5DD6CBAA26F /* Color+Ember.swift */,
				95890378AF42EFA9BB368C2A /* EmberSymbol.swift */,
				E8EF8204A6C4B57AEAB85107 /* Font+Ember.swift */,
			);
			path = Extensions;
			sourceTree = "<group>";
		};
/* End PBXGroup section */

/* Begin PBXNativeTarget section */
		3E853DD93E303CC86CD1FA7F /* Ember */ = {
			isa = PBXNativeTarget;
			buildConfigurationList = B3B776477B6BBC134545AE38 /* Build configuration list for PBXNativeTarget "Ember" */;
			buildPhases = (
				60A89B85028B91AE593FB976 /* Sources */,
				8B6B0FFA7E15F621C34D6356 /* Resources */,
				BB326CA5A71916D2515EA573 /* Frameworks */,
			);
			buildRules = (
			);
			dependencies = (
			);
			name = Ember;
			packageProductDependencies = (
				B6D64783055B4BA4E4F82429 /* Kingfisher */,
				732AC44584E11B3F74B8BE6B /* Lottie */,
				404C4FD053A1717BE2D3699F /* MarkdownUI */,
			);
			productName = Ember;
			productReference = D1E129474145FB033E3BBB86 /* Ember.app */;
			productType = "com.apple.product-type.application";
		};
		9CB026868D8E745BE7705048 /* EmberTests */ = {
			isa = PBXNativeTarget;
			buildConfigurationList = 380D46A01F6C7CC061890467 /* Build configuration list for PBXNativeTarget "EmberTests" */;
			buildPhases = (
				91FC9734A1965EA61C9B43FF /* Sources */,
			);
			buildRules = (
			);
			dependencies = (
				CCC5057F93882B8FFB06F9CA /* PBXTargetDependency */,
			);
			name = EmberTests;
			packageProductDependencies = (
			);
			productName = EmberTests;
			productReference = 3FD152F594A5DA75DF7C1E1D /* EmberTests.xctest */;
			productType = "com.apple.product-type.bundle.unit-test";
		};
/* End PBXNativeTarget section */

/* Begin PBXProject section */
		60EE479878F0F38411A15B19 /* Project object */ = {
			isa = PBXProject;
			attributes = {
				BuildIndependentTargetsInParallel = YES;
				LastUpgradeCheck = 1600;
			};
			buildConfigurationList = 8E26098F6346F3E7D139037F /* Build configuration list for PBXProject "Ember" */;
			compatibilityVersion = "Xcode 14.0";
			developmentRegion = en;
			hasScannedForEncodings = 0;
			knownRegions = (
				Base,
				en,
			);
			mainGroup = BBC0B4313EBF53B16DC19257;
			minimizedProjectReferenceProxies = 1;
			packageReferences = (
				7BAD876466CECBA46F740143 /* XCRemoteSwiftPackageReference "Kingfisher" */,
				8DCA8D12AADDFE6115173C58 /* XCRemoteSwiftPackageReference "lottie-ios" */,
				FC54EE2C84DD2CB54B31247F /* XCRemoteSwiftPackageReference "swift-markdown-ui" */,
			);
			preferredProjectObjectVersion = 77;
			projectDirPath = "";
			projectRoot = "";
			targets = (
				3E853DD93E303CC86CD1FA7F /* Ember */,
				9CB026868D8E745BE7705048 /* EmberTests */,
			);
		};
/* End PBXProject section */

/* Begin PBXResourcesBuildPhase section */
		8B6B0FFA7E15F621C34D6356 /* Resources */ = {
			isa = PBXResourcesBuildPhase;
			buildActionMask = 2147483647;
			files = (
				1AF4D00B519F45F4553AFF13 /* Assets.xcassets in Resources */,
				B061BFDD454914E0022BB743 /* LaunchScreen.storyboard in Resources */,
				B793B815813B73140A936896 /* onboarding-companion.json in Resources */,
				3C6EA4982BFE814253863691 /* onboarding-memory.json in Resources */,
				DF4003B964FE24596BE39B64 /* onboarding-welcome.json in Resources */,
			);
			runOnlyForDeploymentPostprocessing = 0;
		};
/* End PBXResourcesBuildPhase section */

/* Begin PBXSourcesBuildPhase section */
		60A89B85028B91AE593FB976 /* Sources */ = {
			isa = PBXSourcesBuildPhase;
			buildActionMask = 2147483647;
			files = (
				EE7BD8903CF70EC71C818068 /* APIClient.swift in Sources */,
				B5A1FF4A309324FFDB633E5E /* APIEndpoint.swift in Sources */,
				BAD9E1B486C3F7D38AA36C9B /* APIError.swift in Sources */,
				78D942D72364946849FD96FF /* AppContainer.swift in Sources */,
				7816B27230E7871E8A688BF0 /* AppRouter.swift in Sources */,
				023055A5149F7A42556C163A /* AuthError.swift in Sources */,
				25E84BC6E7190948A2D3A22F /* AuthModels.swift in Sources */,
				FCFD5303F2CFE770676F8D40 /* AuthService.swift in Sources */,
				1ADECD694A430EE0C3CE77DD /* AuthViewModel.swift in Sources */,
				25DA402A6B0B755FC0158AC1 /* CGFloat+Ember.swift in Sources */,
				1E6307B163C4569AB23DE319 /* CharacterCardView.swift in Sources */,
				8912175DABE2E1DD942F4E1C /* CharacterModels.swift in Sources */,
				CBFE15A9650C49715D97607C /* ChatInputBar.swift in Sources */,
				C78FC66D7751BC2345CBC746 /* ChatModels.swift in Sources */,
				2405C3656CC2AE89B517DEF7 /* ChatService.swift in Sources */,
				71C3BF55E00E0EED16AA8891 /* ChatView.swift in Sources */,
				AFF55A3A6DF9D10944C89226 /* ChatViewModel.swift in Sources */,
				F112C7B2626C146464E067BE /* Color+Ember.swift in Sources */,
				E159FB4FEB63ECA64B033DBA /* DailySummaryCard.swift in Sources */,
				D88CA9186956CE0C20994C59 /* DateSeparatorView.swift in Sources */,
				251BB93CCB0CBA05F9DE9445 /* EmberApp.swift in Sources */,
				8C8E5728B824860950993788 /* EmberSymbol.swift in Sources */,
				FBF66F63B9D9533A2C59F77F /* Font+Ember.swift in Sources */,
				A04BA81FBA32142ADAB62A8C /* HapticManager.swift in Sources */,
				CB5BBD894415580D2F29C317 /* HomeView.swift in Sources */,
				D382944B6FD74EDF4E2EBE1F /* HomeViewModel.swift in Sources */,
				69431057521A61E246D0E6A7 /* JSONCoding.swift in Sources */,
				8EB015ACDECD70304FF52F29 /* KeychainTokenStore.swift in Sources */,
				C97506301584B022EA60119B /* LoginView.swift in Sources */,
				BDBD274C8CF2E7CBA17F30FE /* LottieAnimationViewWrapper.swift in Sources */,
				56F4055E4CF7E8587E19BDB2 /* MainTabView.swift in Sources */,
				A610D351D732D5FAE334C4B3 /* MemoriesPlaceholderView.swift in Sources */,
				BA9415A6B73BC782B9E0E669 /* MessageBubbleView.swift in Sources */,
				5787288428890039E4C33645 /* MessageModels.swift in Sources */,
				3129E1ED07A68EF0E82B272B /* OnboardingFlowView.swift in Sources */,
				3018634C7C9AE0C8654D4F3C /* OnboardingModels.swift in Sources */,
				71EE19139DA9F4BE84DC067D /* OnboardingViewModel.swift in Sources */,
				48340107741183DF7B748D49 /* ProfilePlaceholderView.swift in Sources */,
				E953F35F57B30DF11BA6B43A /* QuestionsView.swift in Sources */,
				BFC056BCDD142A5B949CD2B4 /* SSEClient.swift in Sources */,
				91D2191B9132F40BD0AFDDBC /* SignUpView.swift in Sources */,
				EC2EBAB671B388F51AAC3981 /* TypingIndicatorView.swift in Sources */,
				8E86E697D023439B735E0F46 /* WelcomeView.swift in Sources */,
			);
			runOnlyForDeploymentPostprocessing = 0;
		};
		91FC9734A1965EA61C9B43FF /* Sources */ = {
			isa = PBXSourcesBuildPhase;
			buildActionMask = 2147483647;
			files = (
				62A5E76317BF64356733E026 /* APIClientExtendedTests.swift in Sources */,
				3C98AD605834C1198381A821 /* APIClientTests.swift in Sources */,
				77830E74E9F97322B9B1996C /* APIEndpointExtendedTests.swift in Sources */,
				ACC0A3867AE871060A59E1FB /* APIEndpointTests.swift in Sources */,
				4D69EB39B7E0C3046229D3A0 /* APIErrorTests.swift in Sources */,
				8C8A47C69B5886FBAC2FDEBE /* AppContainerTests.swift in Sources */,
				372E163A4CFA3697879E0690 /* AppRouterExtendedTests.swift in Sources */,
				5793BB23F5599E859AA62FD2 /* AppRouterTests.swift in Sources */,
				B13B0E6F4B6D9FE74E0F7143 /* AuthScreensViewModelTests.swift in Sources */,
				3AED59055DE55BF66E8F729C /* AuthServiceExtendedTests.swift in Sources */,
				2D7B4CD0AE3FEFDE24D5E7FC /* AuthServiceTests.swift in Sources */,
				A968C087F957EB463C4312D2 /* AuthViewModelExtendedTests.swift in Sources */,
				C0FB1B404863AA1444CB3EBF /* AuthViewModelTests.swift in Sources */,
				300257909CDA83CF8660B4A4 /* CGFloatEmberTests.swift in Sources */,
				B97DC9E2AF03B04F9827F050 /* ChatServiceTests.swift in Sources */,
				6E5C40BABA847F06D328E103 /* ChatViewModelTests.swift in Sources */,
				48C96AEB074744ACF55D83F8 /* ColorEmberTests.swift in Sources */,
				9AAB3726C67409E8EA3BF342 /* ColorTests.swift in Sources */,
				5C536B3A8A4D1A6D94ED6F49 /* EmberSymbolTests.swift in Sources */,
				C695B98E7949A9FFF4BFE81D /* FontEmberTests.swift in Sources */,
				22C6CD510E9D51FF0842E0E0 /* HomeViewModelExtendedTests.swift in Sources */,
				E7E038AE9A82DA7D8E2BB110 /* HomeViewModelTests.swift in Sources */,
				5D0C470895BDC6F60DFC0F11 /* KeychainTokenStoreExtendedTests.swift in Sources */,
				D7DD62955978C2A635158774 /* KeychainTokenStoreTests.swift in Sources */,
				6A32B61BAF80CE342D9C860A /* MockAPIClient.swift in Sources */,
				885270C7195D746767F5B5C2 /* MockAuthService.swift in Sources */,
				D3668E39BF825B0F2323354E /* MockChatService.swift in Sources */,
				0AF4BAD54673E0878F0BC0F6 /* MockURLProtocol.swift in Sources */,
				EA50789D7ED226E7216F90A4 /* OnboardingModelsTests.swift in Sources */,
				634AD189F517BDC3F877E3EE /* OnboardingViewModelExtendedTests.swift in Sources */,
				91699CE297AED86F6515E85F /* OnboardingViewModelTests.swift in Sources */,
				14BA13464C891531AAA561C3 /* SSEClientExtendedTests.swift in Sources */,
				646AB90D9519FA1958F818E2 /* SSEClientTests.swift in Sources */,
			);
			runOnlyForDeploymentPostprocessing = 0;
		};
/* End PBXSourcesBuildPhase section */

/* Begin PBXTargetDependency section */
		CCC5057F93882B8FFB06F9CA /* PBXTargetDependency */ = {
			isa = PBXTargetDependency;
			target = 3E853DD93E303CC86CD1FA7F /* Ember */;
			targetProxy = BB47832948DAE412B8685C9D /* PBXContainerItemProxy */;
		};
/* End PBXTargetDependency section */

/* Begin XCBuildConfiguration section */
		2EC28B28BACC5E41F357ED3F /* Debug */ = {
			isa = XCBuildConfiguration;
			buildSettings = {
				BUNDLE_LOADER = "$(TEST_HOST)";
				LD_RUNPATH_SEARCH_PATHS = (
					"$(inherited)",
					"@executable_path/Frameworks",
					"@loader_path/Frameworks",
				);
				PRODUCT_BUNDLE_IDENTIFIER = com.ember.app.tests;
				SDKROOT = iphoneos;
				TARGETED_DEVICE_FAMILY = "1,2";
				TEST_HOST = "$(BUILT_PRODUCTS_DIR)/Ember.app/Ember";
			};
			name = Debug;
		};
		9CC77524DDFFA3800C9DD95D /* Debug */ = {
			isa = XCBuildConfiguration;
			buildSettings = {
				ASSETCATALOG_COMPILER_APPICON_NAME = AppIcon;
				CODE_SIGN_IDENTITY = "iPhone Developer";
				INFOPLIST_KEY_CFBundleDisplayName = Ember;
				LD_RUNPATH_SEARCH_PATHS = (
					"$(inherited)",
					"@executable_path/Frameworks",
				);
				PRODUCT_BUNDLE_IDENTIFIER = com.ember.app;
				SDKROOT = iphoneos;
				TARGETED_DEVICE_FAMILY = "1,2";
			};
			name = Debug;
		};
		A8B77AE3A697627F3CD67328 /* Release */ = {
			isa = XCBuildConfiguration;
			buildSettings = {
				ALWAYS_SEARCH_USER_PATHS = NO;
				ASSETCATALOG_COMPILER_APPICON_NAME = AppIcon;
				ASSETCATALOG_COMPILER_GLOBAL_ACCENT_COLOR_NAME = AccentColor;
				CLANG_ANALYZER_NONNULL = YES;
				CLANG_ANALYZER_NUMBER_OBJECT_CONVERSION = YES_AGGRESSIVE;
				CLANG_CXX_LANGUAGE_STANDARD = "gnu++14";
				CLANG_CXX_LIBRARY = "libc++";
				CLANG_ENABLE_MODULES = YES;
				CLANG_ENABLE_OBJC_ARC = YES;
				CLANG_ENABLE_OBJC_WEAK = YES;
				CLANG_WARN_BLOCK_CAPTURE_AUTORELEASING = YES;
				CLANG_WARN_BOOL_CONVERSION = YES;
				CLANG_WARN_COMMA = YES;
				CLANG_WARN_CONSTANT_CONVERSION = YES;
				CLANG_WARN_DEPRECATED_OBJC_IMPLEMENTATIONS = YES;
				CLANG_WARN_DIRECT_OBJC_ISA_USAGE = YES_ERROR;
				CLANG_WARN_DOCUMENTATION_COMMENTS = YES;
				CLANG_WARN_EMPTY_BODY = YES;
				CLANG_WARN_ENUM_CONVERSION = YES;
				CLANG_WARN_INFINITE_RECURSION = YES;
				CLANG_WARN_INT_CONVERSION = YES;
				CLANG_WARN_NON_LITERAL_NULL_CONVERSION = YES;
				CLANG_WARN_OBJC_IMPLICIT_RETAIN_SELF = YES;
				CLANG_WARN_OBJC_LITERAL_CONVERSION = YES;
				CLANG_WARN_OBJC_ROOT_CLASS = YES_ERROR;
				CLANG_WARN_QUOTED_INCLUDE_IN_FRAMEWORK_HEADER = YES;
				CLANG_WARN_RANGE_LOOP_ANALYSIS = YES;
				CLANG_WARN_STRICT_PROTOTYPES = YES;
				CLANG_WARN_SUSPICIOUS_MOVE = YES;
				CLANG_WARN_UNGUARDED_AVAILABILITY = YES_AGGRESSIVE;
				CLANG_WARN_UNREACHABLE_CODE = YES;
				CLANG_WARN__DUPLICATE_METHOD_MATCH = YES;
				COPY_PHASE_STRIP = NO;
				DEBUG_INFORMATION_FORMAT = "dwarf-with-dsym";
				ENABLE_NS_ASSERTIONS = NO;
				ENABLE_STRICT_OBJC_MSGSEND = YES;
				GCC_C_LANGUAGE_STANDARD = gnu11;
				GCC_NO_COMMON_BLOCKS = YES;
				GCC_WARN_64_TO_32_BIT_CONVERSION = YES;
				GCC_WARN_ABOUT_RETURN_TYPE = YES_ERROR;
				GCC_WARN_UNDECLARED_SELECTOR = YES;
				GCC_WARN_UNINITIALIZED_AUTOS = YES_AGGRESSIVE;
				GCC_WARN_UNUSED_FUNCTION = YES;
				GCC_WARN_UNUSED_VARIABLE = YES;
				INFOPLIST_KEY_UIApplicationSceneManifest_Generation = YES;
				INFOPLIST_KEY_UILaunchStoryboardName = LaunchScreen;
				IPHONEOS_DEPLOYMENT_TARGET = 17.0;
				MTL_ENABLE_DEBUG_INFO = NO;
				MTL_FAST_MATH = YES;
				PRODUCT_NAME = "$(TARGET_NAME)";
				SDKROOT = iphoneos;
				SWIFT_COMPILATION_MODE = wholemodule;
				SWIFT_OPTIMIZATION_LEVEL = "-O";
				SWIFT_VERSION = 5.9;
				TARGETED_DEVICE_FAMILY = "1,2";
			};
			name = Release;
		};
		DFA76FF5690C7DD9809D8107 /* Release */ = {
			isa = XCBuildConfiguration;
			buildSettings = {
				BUNDLE_LOADER = "$(TEST_HOST)";
				LD_RUNPATH_SEARCH_PATHS = (
					"$(inherited)",
					"@executable_path/Frameworks",
					"@loader_path/Frameworks",
				);
				PRODUCT_BUNDLE_IDENTIFIER = com.ember.app.tests;
				SDKROOT = iphoneos;
				TARGETED_DEVICE_FAMILY = "1,2";
				TEST_HOST = "$(BUILT_PRODUCTS_DIR)/Ember.app/Ember";
			};
			name = Release;
		};
		E48F6C284003A0B61D23D156 /* Release */ = {
			isa = XCBuildConfiguration;
			buildSettings = {
				ASSETCATALOG_COMPILER_APPICON_NAME = AppIcon;
				CODE_SIGN_IDENTITY = "iPhone Developer";
				INFOPLIST_KEY_CFBundleDisplayName = Ember;
				LD_RUNPATH_SEARCH_PATHS = (
					"$(inherited)",
					"@executable_path/Frameworks",
				);
				PRODUCT_BUNDLE_IDENTIFIER = com.ember.app;
				SDKROOT = iphoneos;
				TARGETED_DEVICE_FAMILY = "1,2";
			};
			name = Release;
		};
		F1B0335DBC17697999A2175E /* Debug */ = {
			isa = XCBuildConfiguration;
			buildSettings = {
				ALWAYS_SEARCH_USER_PATHS = NO;
				ASSETCATALOG_COMPILER_APPICON_NAME = AppIcon;
				ASSETCATALOG_COMPILER_GLOBAL_ACCENT_COLOR_NAME = AccentColor;
				CLANG_ANALYZER_NONNULL = YES;
				CLANG_ANALYZER_NUMBER_OBJECT_CONVERSION = YES_AGGRESSIVE;
				CLANG_CXX_LANGUAGE_STANDARD = "gnu++14";
				CLANG_CXX_LIBRARY = "libc++";
				CLANG_ENABLE_MODULES = YES;
				CLANG_ENABLE_OBJC_ARC = YES;
				CLANG_ENABLE_OBJC_WEAK = YES;
				CLANG_WARN_BLOCK_CAPTURE_AUTORELEASING = YES;
				CLANG_WARN_BOOL_CONVERSION = YES;
				CLANG_WARN_COMMA = YES;
				CLANG_WARN_CONSTANT_CONVERSION = YES;
				CLANG_WARN_DEPRECATED_OBJC_IMPLEMENTATIONS = YES;
				CLANG_WARN_DIRECT_OBJC_ISA_USAGE = YES_ERROR;
				CLANG_WARN_DOCUMENTATION_COMMENTS = YES;
				CLANG_WARN_EMPTY_BODY = YES;
				CLANG_WARN_ENUM_CONVERSION = YES;
				CLANG_WARN_INFINITE_RECURSION = YES;
				CLANG_WARN_INT_CONVERSION = YES;
				CLANG_WARN_NON_LITERAL_NULL_CONVERSION = YES;
				CLANG_WARN_OBJC_IMPLICIT_RETAIN_SELF = YES;
				CLANG_WARN_OBJC_LITERAL_CONVERSION = YES;
				CLANG_WARN_OBJC_ROOT_CLASS = YES_ERROR;
				CLANG_WARN_QUOTED_INCLUDE_IN_FRAMEWORK_HEADER = YES;
				CLANG_WARN_RANGE_LOOP_ANALYSIS = YES;
				CLANG_WARN_STRICT_PROTOTYPES = YES;
				CLANG_WARN_SUSPICIOUS_MOVE = YES;
				CLANG_WARN_UNGUARDED_AVAILABILITY = YES_AGGRESSIVE;
				CLANG_WARN_UNREACHABLE_CODE = YES;
				CLANG_WARN__DUPLICATE_METHOD_MATCH = YES;
				COPY_PHASE_STRIP = NO;
				DEBUG_INFORMATION_FORMAT = dwarf;
				ENABLE_STRICT_OBJC_MSGSEND = YES;
				ENABLE_TESTABILITY = YES;
				GCC_C_LANGUAGE_STANDARD = gnu11;
				GCC_DYNAMIC_NO_PIC = NO;
				GCC_NO_COMMON_BLOCKS = YES;
				GCC_OPTIMIZATION_LEVEL = 0;
				GCC_PREPROCESSOR_DEFINITIONS = (
					"$(inherited)",
					"DEBUG=1",
				);
				GCC_WARN_64_TO_32_BIT_CONVERSION = YES;
				GCC_WARN_ABOUT_RETURN_TYPE = YES_ERROR;
				GCC_WARN_UNDECLARED_SELECTOR = YES;
				GCC_WARN_UNINITIALIZED_AUTOS = YES_AGGRESSIVE;
				GCC_WARN_UNUSED_FUNCTION = YES;
				GCC_WARN_UNUSED_VARIABLE = YES;
				INFOPLIST_KEY_UIApplicationSceneManifest_Generation = YES;
				INFOPLIST_KEY_UILaunchStoryboardName = LaunchScreen;
				IPHONEOS_DEPLOYMENT_TARGET = 17.0;
				MTL_ENABLE_DEBUG_INFO = INCLUDE_SOURCE;
				MTL_FAST_MATH = YES;
				ONLY_ACTIVE_ARCH = YES;
				PRODUCT_NAME = "$(TARGET_NAME)";
				SDKROOT = iphoneos;
				SWIFT_ACTIVE_COMPILATION_CONDITIONS = DEBUG;
				SWIFT_OPTIMIZATION_LEVEL = "-Onone";
				SWIFT_VERSION = 5.9;
				TARGETED_DEVICE_FAMILY = "1,2";
			};
			name = Debug;
		};
/* End XCBuildConfiguration section */

/* Begin XCConfigurationList section */
		380D46A01F6C7CC061890467 /* Build configuration list for PBXNativeTarget "EmberTests" */ = {
			isa = XCConfigurationList;
			buildConfigurations = (
				2EC28B28BACC5E41F357ED3F /* Debug */,
				DFA76FF5690C7DD9809D8107 /* Release */,
			);
			defaultConfigurationIsVisible = 0;
			defaultConfigurationName = Debug;
		};
		8E26098F6346F3E7D139037F /* Build configuration list for PBXProject "Ember" */ = {
			isa = XCConfigurationList;
			buildConfigurations = (
				F1B0335DBC17697999A2175E /* Debug */,
				A8B77AE3A697627F3CD67328 /* Release */,
			);
			defaultConfigurationIsVisible = 0;
			defaultConfigurationName = Debug;
		};
		B3B776477B6BBC134545AE38 /* Build configuration list for PBXNativeTarget "Ember" */ = {
			isa = XCConfigurationList;
			buildConfigurations = (
				9CC77524DDFFA3800C9DD95D /* Debug */,
				E48F6C284003A0B61D23D156 /* Release */,
			);
			defaultConfigurationIsVisible = 0;
			defaultConfigurationName = Debug;
		};
/* End XCConfigurationList section */

/* Begin XCRemoteSwiftPackageReference section */
		7BAD876466CECBA46F740143 /* XCRemoteSwiftPackageReference "Kingfisher" */ = {
			isa = XCRemoteSwiftPackageReference;
			repositoryURL = "https://github.com/onevcat/Kingfisher";
			requirement = {
				kind = upToNextMajorVersion;
				minimumVersion = 8.0.0;
			};
		};
		8DCA8D12AADDFE6115173C58 /* XCRemoteSwiftPackageReference "lottie-ios" */ = {
			isa = XCRemoteSwiftPackageReference;
			repositoryURL = "https://github.com/airbnb/lottie-ios";
			requirement = {
				kind = upToNextMajorVersion;
				minimumVersion = 4.0.0;
			};
		};
		FC54EE2C84DD2CB54B31247F /* XCRemoteSwiftPackageReference "swift-markdown-ui" */ = {
			isa = XCRemoteSwiftPackageReference;
			repositoryURL = "https://github.com/gonzalezreal/swift-markdown-ui";
			requirement = {
				kind = upToNextMajorVersion;
				minimumVersion = 2.0.0;
			};
		};
/* End XCRemoteSwiftPackageReference section */

/* Begin XCSwiftPackageProductDependency section */
		404C4FD053A1717BE2D3699F /* MarkdownUI */ = {
			isa = XCSwiftPackageProductDependency;
			package = FC54EE2C84DD2CB54B31247F /* XCRemoteSwiftPackageReference "swift-markdown-ui" */;
			productName = MarkdownUI;
		};
		732AC44584E11B3F74B8BE6B /* Lottie */ = {
			isa = XCSwiftPackageProductDependency;
			package = 8DCA8D12AADDFE6115173C58 /* XCRemoteSwiftPackageReference "lottie-ios" */;
			productName = Lottie;
		};
		B6D64783055B4BA4E4F82429 /* Kingfisher */ = {
			isa = XCSwiftPackageProductDependency;
			package = 7BAD876466CECBA46F740143 /* XCRemoteSwiftPackageReference "Kingfisher" */;
			productName = Kingfisher;
		};
/* End XCSwiftPackageProductDependency section */
	};
	rootObject = 60EE479878F0F38411A15B19 /* Project object */;
}
